
Microsoft Visual Studio Solution File, Format Version 12.00
# Visual Studio Version 16
VisualStudioVersion = 16.0.31019.35
MinimumVisualStudioVersion = 10.0.40219.1
Project("{FAE04EC0-301F-11D3-BF4B-00C04F79EFBC}") = "Web410728117", "Web410728117\Web410728117.csproj", "{7AD23598-933B-4EAC-A9A4-5972F2B3D6FB}"
EndProject
Global
	GlobalSection(SolutionConfigurationPlatforms) = preSolution
		Debug|Any CPU = Debug|Any CPU
		Release|Any CPU = Release|Any CPU
	EndGlobalSection
	GlobalSection(ProjectConfigurationPlatforms) = postSolution
		{7AD23598-933B-4EAC-A9A4-5972F2B3D6FB}.Debug|Any CPU.ActiveCfg = Debug|Any CPU
		{7AD23598-933B-4EAC-A9A4-5972F2B3D6FB}.Debug|Any CPU.Build.0 = Debug|Any CPU
		{7AD23598-933B-4EAC-A9A4-5972F2B3D6FB}.Release|Any CPU.ActiveCfg = Release|Any CPU
		{7AD23598-933B-4EAC-A9A4-5972F2B3D6FB}.Release|Any CPU.Build.0 = Release|Any CPU
	EndGlobalSection
	GlobalSection(SolutionProperties) = preSolution
		HideSolutionNode = FALSE
	EndGlobalSection
	GlobalSection(ExtensibilityGlobals) = postSolution
		SolutionGuid = {97D6B64F-224A-4B2C-B5D7-A2FBDB20F1E1}
	EndGlobalSection
EndGlobal
